{
  "name": "chatbot_using_js",
  "version": "1.0.0",
  "lockfileVersion": 3,
  "requires": true,
  "packages": {
    "": {
      "name": "chatbot_using_js",
      "version": "1.0.0",
      "license": "ISC",
      "dependencies": {
        "@nlpjs/basic": "^4.27.0",
        "axios": "^1.4.0",
        "body-parser": "^1.20.2",
        "express": "^4.18.2",
        "kuromoji": "^0.1.2",
        "node-nlp": "^4.27.0"
      }
    },
    "node_modules/@microsoft/recognizers-text": {
      "version": "1.3.1",
      "license": "MIT",
      "engines": {
        "node": ">=10.3.0"
      }
    },
    "node_modules/@microsoft/recognizers-text-choice": {
      "version": "1.3.1",
      "license": "MIT",
      "dependencies": {
        "@microsoft/recognizers-text": "~1.3.1",
        "grapheme-splitter": "^1.0.2"
      },
      "engines": {
        "node": ">=10.3.0"
      }
    },
    "node_modules/@microsoft/recognizers-text-data-types-timex-expression": {
      "version": "1.3.1",
      "license": "MIT",
      "engines": {
        "node": ">=10.3.0"
      }
    },
    "node_modules/@microsoft/recognizers-text-date-time": {
      "version": "1.3.2",
      "license": "MIT",
      "dependencies": {
        "@microsoft/recognizers-text": "~1.3.1",
        "@microsoft/recognizers-text-number": "~1.3.1",
        "@microsoft/recognizers-text-number-with-unit": "~1.3.1",
        "lodash": "^4.17.21"
      },
      "engines": {
        "node": ">=10.3.0"
      }
    },
    "node_modules/@microsoft/recognizers-text-number": {
      "version": "1.3.1",
      "license": "MIT",
      "dependencies": {
        "@microsoft/recognizers-text": "~1.3.1",
        "bignumber.js": "^7.2.1",
        "lodash": "^4.17.21"
      },
      "engines": {
        "node": ">=10.3.0"
      }
    },
    "node_modules/@microsoft/recognizers-text-number-with-unit": {
      "version": "1.3.1",
      "license": "MIT",
      "dependencies": {
        "@microsoft/recognizers-text": "~1.3.1",
        "@microsoft/recognizers-text-number": "~1.3.1",
        "lodash": "^4.17.21"
      },
      "engines": {
        "node": ">=10.3.0"
      }
    },
    "node_modules/@microsoft/recognizers-text-sequence": {
      "version": "1.3.1",
      "license": "MIT",
      "dependencies": {
        "@microsoft/recognizers-text": "~1.3.1",
        "grapheme-splitter": "^1.0.2"
      },
      "engines": {
        "node": ">=10.3.0"
      }
    },
    "node_modules/@microsoft/recognizers-text-suite": {
      "version": "1.3.0",
      "license": "MIT",
      "dependencies": {
        "@microsoft/recognizers-text": "~1.3.0",
        "@microsoft/recognizers-text-choice": "~1.3.0",
        "@microsoft/recognizers-text-data-types-timex-expression": "~1.3.0",
        "@microsoft/recognizers-text-date-time": "~1.3.0",
        "@microsoft/recognizers-text-number": "~1.3.0",
        "@microsoft/recognizers-text-number-with-unit": "~1.3.0",
        "@microsoft/recognizers-text-sequence": "~1.3.0"
      },
      "engines": {
        "node": ">=10.3.0"
      }
    },
    "node_modules/@nlpjs/basic": {
      "version": "4.27.0",
      "resolved": "https://registry.npmjs.org/@nlpjs/basic/-/basic-4.27.0.tgz",
      "integrity": "sha512-AL03Xdf2H1leAkWfjVwjm8SqeEj9M7ZBHoKC16sSd2SGgQN24YwZFpRyySW2vvDfHLHk8LkFu0+Efw9LdADz4A==",
      "dependencies": {
        "@nlpjs/console-connector": "^4.26.1",
        "@nlpjs/core-loader": "^4.26.1",
        "@nlpjs/evaluator": "^4.26.1",
        "@nlpjs/lang-en": "^4.26.1",
        "@nlpjs/logger": "^4.26.1",
        "@nlpjs/nlp": "^4.27.0"
      }
    },
    "node_modules/@nlpjs/builtin-duckling": {
      "version": "4.26.1",
      "license": "MIT",
      "dependencies": {
        "@nlpjs/core": "^4.26.1"
      }
    },
    "node_modules/@nlpjs/builtin-microsoft": {
      "version": "4.26.1",
      "license": "MIT",
      "dependencies": {
        "@microsoft/recognizers-text-suite": "1.3.0",
        "@nlpjs/core": "^4.26.1"
      }
    },
    "node_modules/@nlpjs/connector": {
      "version": "4.26.1",
      "license": "MIT",
      "dependencies": {
        "@nlpjs/core": "^4.26.1"
      }
    },
    "node_modules/@nlpjs/console-connector": {
      "version": "4.26.1",
      "license": "MIT",
      "dependencies": {
        "@nlpjs/connector": "^4.26.1",
        "@nlpjs/core": "^4.26.1"
      }
    },
    "node_modules/@nlpjs/core": {
      "version": "4.26.1",
      "license": "MIT"
    },
    "node_modules/@nlpjs/core-loader": {
      "version": "4.26.1",
      "license": "MIT",
      "dependencies": {
        "@nlpjs/core": "^4.26.1",
        "@nlpjs/request": "^4.25.0"
      }
    },
    "node_modules/@nlpjs/emoji": {
      "version": "4.26.1",
      "license": "MIT",
      "dependencies": {
        "@nlpjs/core": "^4.26.1"
      }
    },
    "node_modules/@nlpjs/evaluator": {
      "version": "4.26.1",
      "license": "MIT",
      "dependencies": {
        "escodegen": "^2.0.0",
        "esprima": "^4.0.1"
      }
    },
    "node_modules/@nlpjs/lang-all": {
      "version": "4.26.1",
      "license": "MIT",
      "dependencies": {
        "@nlpjs/core": "^4.26.1",
        "@nlpjs/lang-ar": "^4.26.1",
        "@nlpjs/lang-bn": "^4.26.1",
        "@nlpjs/lang-ca": "^4.26.1",
        "@nlpjs/lang-cs": "^4.26.1",
        "@nlpjs/lang-da": "^4.26.1",
        "@nlpjs/lang-de": "^4.26.1",
        "@nlpjs/lang-el": "^4.26.1",
        "@nlpjs/lang-en": "^4.26.1",
        "@nlpjs/lang-es": "^4.26.1",
        "@nlpjs/lang-eu": "^4.26.1",
        "@nlpjs/lang-fa": "^4.26.1",
        "@nlpjs/lang-fi": "^4.26.1",
        "@nlpjs/lang-fr": "^4.26.1",
        "@nlpjs/lang-ga": "^4.26.1",
        "@nlpjs/lang-gl": "^4.26.1",
        "@nlpjs/lang-hi": "^4.26.1",
        "@nlpjs/lang-hu": "^4.26.1",
        "@nlpjs/lang-hy": "^4.26.1",
        "@nlpjs/lang-id": "^4.26.1",
        "@nlpjs/lang-it": "^4.26.1",
        "@nlpjs/lang-ja": "^4.26.1",
        "@nlpjs/lang-ko": "^4.26.1",
        "@nlpjs/lang-lt": "^4.26.1",
        "@nlpjs/lang-ms": "^4.26.1",
        "@nlpjs/lang-ne": "^4.26.1",
        "@nlpjs/lang-nl": "^4.26.1",
        "@nlpjs/lang-no": "^4.26.1",
        "@nlpjs/lang-pl": "^4.26.1",
        "@nlpjs/lang-pt": "^4.26.1",
        "@nlpjs/lang-ro": "^4.26.1",
        "@nlpjs/lang-ru": "^4.26.1",
        "@nlpjs/lang-sl": "^4.26.1",
        "@nlpjs/lang-sr": "^4.26.1",
        "@nlpjs/lang-sv": "^4.26.1",
        "@nlpjs/lang-ta": "^4.26.1",
        "@nlpjs/lang-th": "^4.26.1",
        "@nlpjs/lang-tl": "^4.26.1",
        "@nlpjs/lang-tr": "^4.26.1",
        "@nlpjs/lang-uk": "^4.26.1",
        "@nlpjs/lang-zh": "^4.26.1",
        "@nlpjs/language": "^4.25.0"
      }
    },
    "node_modules/@nlpjs/lang-ar": {
      "version": "4.26.1",
      "license": "MIT",
      "dependencies": {
        "@nlpjs/core": "^4.26.1"
      }
    },
    "node_modules/@nlpjs/lang-bn": {
      "version": "4.26.1",
      "license": "MIT",
      "dependencies": {
        "@nlpjs/core": "^4.26.1"
      }
    },
    "node_modules/@nlpjs/lang-ca": {
      "version": "4.26.1",
      "license": "MIT",
      "dependencies": {
        "@nlpjs/core": "^4.26.1"
      }
    },
    "node_modules/@nlpjs/lang-cs": {
      "version": "4.26.1",
      "license": "MIT",
      "dependencies": {
        "@nlpjs/core": "^4.26.1"
      }
    },
    "node_modules/@nlpjs/lang-da": {
      "version": "4.26.1",
      "license": "MIT",
      "dependencies": {
        "@nlpjs/core": "^4.26.1"
      }
    },
    "node_modules/@nlpjs/lang-de": {
      "version": "4.26.1",
      "license": "MIT",
      "dependencies": {
        "@nlpjs/core": "^4.26.1"
      }
    },
    "node_modules/@nlpjs/lang-el": {
      "version": "4.26.1",
      "license": "MIT",
      "dependencies": {
        "@nlpjs/core": "^4.26.1"
      }
    },
    "node_modules/@nlpjs/lang-en": {
      "version": "4.26.1",
      "license": "MIT",
      "dependencies": {
        "@nlpjs/core": "^4.26.1",
        "@nlpjs/lang-en-min": "^4.26.1"
      }
    },
    "node_modules/@nlpjs/lang-en-min": {
      "version": "4.26.1",
      "license": "MIT",
      "dependencies": {
        "@nlpjs/core": "^4.26.1"
      }
    },
    "node_modules/@nlpjs/lang-es": {
      "version": "4.26.1",
      "license": "MIT",
      "dependencies": {
        "@nlpjs/core": "^4.26.1"
      }
    },
    "node_modules/@nlpjs/lang-eu": {
      "version": "4.26.1",
      "license": "MIT",
      "dependencies": {
        "@nlpjs/core": "^4.26.1"
      }
    },
    "node_modules/@nlpjs/lang-fa": {
      "version": "4.26.1",
      "license": "MIT",
      "dependencies": {
        "@nlpjs/core": "^4.26.1"
      }
    },
    "node_modules/@nlpjs/lang-fi": {
      "version": "4.26.1",
      "license": "MIT",
      "dependencies": {
        "@nlpjs/core": "^4.26.1"
      }
    },
    "node_modules/@nlpjs/lang-fr": {
      "version": "4.26.1",
      "license": "MIT",
      "dependencies": {
        "@nlpjs/core": "^4.26.1"
      }
    },
    "node_modules/@nlpjs/lang-ga": {
      "version": "4.26.1",
      "license": "MIT",
      "dependencies": {
        "@nlpjs/core": "^4.26.1"
      }
    },
    "node_modules/@nlpjs/lang-gl": {
      "version": "4.26.1",
      "license": "MIT",
      "dependencies": {
        "@nlpjs/core": "^4.26.1"
      }
    },
    "node_modules/@nlpjs/lang-hi": {
      "version": "4.26.1",
      "license": "MIT",
      "dependencies": {
        "@nlpjs/core": "^4.26.1"
      }
    },
    "node_modules/@nlpjs/lang-hu": {
      "version": "4.26.1",
      "license": "MIT",
      "dependencies": {
        "@nlpjs/core": "^4.26.1"
      }
    },
    "node_modules/@nlpjs/lang-hy": {
      "version": "4.26.1",
      "license": "MIT",
      "dependencies": {
        "@nlpjs/core": "^4.26.1"
      }
    },
    "node_modules/@nlpjs/lang-id": {
      "version": "4.26.1",
      "license": "MIT",
      "dependencies": {
        "@nlpjs/core": "^4.26.1"
      }
    },
    "node_modules/@nlpjs/lang-it": {
      "version": "4.26.1",
      "license": "MIT",
      "dependencies": {
        "@nlpjs/core": "^4.26.1"
      }
    },
    "node_modules/@nlpjs/lang-ja": {
      "version": "4.26.1",
      "license": "MIT",
      "dependencies": {
        "@nlpjs/core": "^4.26.1",
        "kuromoji": "^0.1.2"
      }
    },
    "node_modules/@nlpjs/lang-ko": {
      "version": "4.26.1",
      "license": "MIT",
      "dependencies": {
        "@nlpjs/core": "^4.26.1"
      }
    },
    "node_modules/@nlpjs/lang-lt": {
      "version": "4.26.1",
      "license": "MIT",
      "dependencies": {
        "@nlpjs/core": "^4.26.1"
      }
    },
    "node_modules/@nlpjs/lang-ms": {
      "version": "4.26.1",
      "license": "MIT",
      "dependencies": {
        "@nlpjs/core": "^4.26.1",
        "@nlpjs/lang-id": "^4.26.1"
      }
    },
    "node_modules/@nlpjs/lang-ne": {
      "version": "4.26.1",
      "license": "MIT",
      "dependencies": {
        "@nlpjs/core": "^4.26.1"
      }
    },
    "node_modules/@nlpjs/lang-nl": {
      "version": "4.26.1",
      "license": "MIT",
      "dependencies": {
        "@nlpjs/core": "^4.26.1"
      }
    },
    "node_modules/@nlpjs/lang-no": {
      "version": "4.26.1",
      "license": "MIT",
      "dependencies": {
        "@nlpjs/core": "^4.26.1"
      }
    },
    "node_modules/@nlpjs/lang-pl": {
      "version": "4.26.1",
      "license": "MIT",
      "dependencies": {
        "@nlpjs/core": "^4.26.1"
      }
    },
    "node_modules/@nlpjs/lang-pt": {
      "version": "4.26.1",
      "license": "MIT",
      "dependencies": {
        "@nlpjs/core": "^4.26.1"
      }
    },
    "node_modules/@nlpjs/lang-ro": {
      "version": "4.26.1",
      "license": "MIT",
      "dependencies": {
        "@nlpjs/core": "^4.26.1"
      }
    },
    "node_modules/@nlpjs/lang-ru": {
      "version": "4.26.1",
      "license": "MIT",
      "dependencies": {
        "@nlpjs/core": "^4.26.1"
      }
    },
    "node_modules/@nlpjs/lang-sl": {
      "version": "4.26.1",
      "license": "MIT",
      "dependencies": {
        "@nlpjs/core": "^4.26.1"
      }
    },
    "node_modules/@nlpjs/lang-sr": {
      "version": "4.26.1",
      "license": "MIT",
      "dependencies": {
        "@nlpjs/core": "^4.26.1"
      }
    },
    "node_modules/@nlpjs/lang-sv": {
      "version": "4.26.1",
      "license": "MIT",
      "dependencies": {
        "@nlpjs/core": "^4.26.1"
      }
    },
    "node_modules/@nlpjs/lang-ta": {
      "version": "4.26.1",
      "license": "MIT",
      "dependencies": {
        "@nlpjs/core": "^4.26.1"
      }
    },
    "node_modules/@nlpjs/lang-th": {
      "version": "4.26.1",
      "license": "MIT",
      "dependencies": {
        "@nlpjs/core": "^4.26.1"
      }
    },
    "node_modules/@nlpjs/lang-tl": {
      "version": "4.26.1",
      "license": "MIT",
      "dependencies": {
        "@nlpjs/core": "^4.26.1"
      }
    },
    "node_modules/@nlpjs/lang-tr": {
      "version": "4.26.1",
      "license": "MIT",
      "dependencies": {
        "@nlpjs/core": "^4.26.1"
      }
    },
    "node_modules/@nlpjs/lang-uk": {
      "version": "4.26.1",
      "license": "MIT",
      "dependencies": {
        "@nlpjs/core": "^4.26.1"
      }
    },
    "node_modules/@nlpjs/lang-zh": {
      "version": "4.26.1",
      "license": "MIT",
      "dependencies": {
        "@nlpjs/core": "^4.26.1"
      }
    },
    "node_modules/@nlpjs/language": {
      "version": "4.25.0",
      "license": "MIT"
    },
    "node_modules/@nlpjs/language-min": {
      "version": "4.25.0",
      "license": "MIT"
    },
    "node_modules/@nlpjs/logger": {
      "version": "4.26.1",
      "license": "MIT",
      "dependencies": {
        "pino": "^7.6.1",
        "pino-pretty": "^7.2.0"
      }
    },
    "node_modules/@nlpjs/ner": {
      "version": "4.27.0",
      "license": "MIT",
      "dependencies": {
        "@nlpjs/core": "^4.26.1",
        "@nlpjs/language-min": "^4.25.0",
        "@nlpjs/similarity": "^4.26.1"
      }
    },
    "node_modules/@nlpjs/neural": {
      "version": "4.25.0",
      "license": "MIT"
    },
    "node_modules/@nlpjs/nlg": {
      "version": "4.26.1",
      "license": "MIT",
      "dependencies": {
        "@nlpjs/core": "^4.26.1"
      }
    },
    "node_modules/@nlpjs/nlp": {
      "version": "4.27.0",
      "license": "MIT",
      "dependencies": {
        "@nlpjs/core": "^4.26.1",
        "@nlpjs/ner": "^4.27.0",
        "@nlpjs/nlg": "^4.26.1",
        "@nlpjs/nlu": "^4.27.0",
        "@nlpjs/sentiment": "^4.26.1",
        "@nlpjs/slot": "^4.26.1"
      }
    },
    "node_modules/@nlpjs/nlu": {
      "version": "4.27.0",
      "license": "MIT",
      "dependencies": {
        "@nlpjs/core": "^4.26.1",
        "@nlpjs/language-min": "^4.25.0",
        "@nlpjs/neural": "^4.25.0",
        "@nlpjs/similarity": "^4.26.1"
      }
    },
    "node_modules/@nlpjs/request": {
      "version": "4.25.0",
      "license": "MIT",
      "dependencies": {
        "http-proxy-agent": "^5.0.0",
        "https-proxy-agent": "^5.0.0"
      }
    },
    "node_modules/@nlpjs/sentiment": {
      "version": "4.26.1",
      "license": "MIT",
      "dependencies": {
        "@nlpjs/core": "^4.26.1",
        "@nlpjs/language-min": "^4.25.0",
        "@nlpjs/neural": "^4.25.0"
      }
    },
    "node_modules/@nlpjs/similarity": {
      "version": "4.26.1",
      "license": "MIT"
    },
    "node_modules/@nlpjs/slot": {
      "version": "4.26.1",
      "license": "MIT"
    },
    "node_modules/@nlpjs/xtables": {
      "version": "4.25.0",
      "license": "MIT",
      "dependencies": {
        "xlsx": "^0.18.0"
      }
    },
    "node_modules/@tootallnate/once": {
      "version": "2.0.0",
      "license": "MIT",
      "engines": {
        "node": ">= 10"
      }
    },
    "node_modules/accepts": {
      "version": "1.3.8",
      "license": "MIT",
      "dependencies": {
        "mime-types": "~2.1.34",
        "negotiator": "0.6.3"
      },
      "engines": {
        "node": ">= 0.6"
      }
    },
    "node_modules/adler-32": {
      "version": "1.3.1",
      "license": "Apache-2.0",
      "engines": {
        "node": ">=0.8"
      }
    },
    "node_modules/agent-base": {
      "version": "6.0.2",
      "license": "MIT",
      "dependencies": {
        "debug": "4"
      },
      "engines": {
        "node": ">= 6.0.0"
      }
    },
    "node_modules/agent-base/node_modules/debug": {
      "version": "4.3.4",
      "license": "MIT",
      "dependencies": {
        "ms": "2.1.2"
      },
      "engines": {
        "node": ">=6.0"
      },
      "peerDependenciesMeta": {
        "supports-color": {
          "optional": true
        }
      }
    },
    "node_modules/agent-base/node_modules/ms": {
      "version": "2.1.2",
      "license": "MIT"
    },
    "node_modules/ansi-styles": {
      "version": "3.2.1",
      "license": "MIT",
      "dependencies": {
        "color-convert": "^1.9.0"
      },
      "engines": {
        "node": ">=4"
      }
    },
    "node_modules/args": {
      "version": "5.0.3",
      "license": "MIT",
      "dependencies": {
        "camelcase": "5.0.0",
        "chalk": "2.4.2",
        "leven": "2.1.0",
        "mri": "1.1.4"
      },
      "engines": {
        "node": ">= 6.0.0"
      }
    },
    "node_modules/array-flatten": {
      "version": "1.1.1",
      "license": "MIT"
    },
    "node_modules/async": {
      "version": "2.6.4",
      "license": "MIT",
      "dependencies": {
        "lodash": "^4.17.14"
      }
    },
    "node_modules/asynckit": {
      "version": "0.4.0",
      "license": "MIT"
    },
    "node_modules/atomic-sleep": {
      "version": "1.0.0",
      "license": "MIT",
      "engines": {
        "node": ">=8.0.0"
      }
    },
    "node_modules/axios": {
      "version": "1.6.3",
      "license": "MIT",
      "dependencies": {
        "follow-redirects": "^1.15.0",
        "form-data": "^4.0.0",
        "proxy-from-env": "^1.1.0"
      }
    },
    "node_modules/bignumber.js": {
      "version": "7.2.1",
      "license": "MIT",
      "engines": {
        "node": "*"
      }
    },
    "node_modules/body-parser": {
      "version": "1.20.2",
      "license": "MIT",
      "dependencies": {
        "bytes": "3.1.2",
        "content-type": "~1.0.5",
        "debug": "2.6.9",
        "depd": "2.0.0",
        "destroy": "1.2.0",
        "http-errors": "2.0.0",
        "iconv-lite": "0.4.24",
        "on-finished": "2.4.1",
        "qs": "6.11.0",
        "raw-body": "2.5.2",
        "type-is": "~1.6.18",
        "unpipe": "1.0.0"
      },
      "engines": {
        "node": ">= 0.8",
        "npm": "1.2.8000 || >= 1.4.16"
      }
    },
    "node_modules/bytes": {
      "version": "3.1.2",
      "license": "MIT",
      "engines": {
        "node": ">= 0.8"
      }
    },
    "node_modules/call-bind": {
      "version": "1.0.5",
      "license": "MIT",
      "dependencies": {
        "function-bind": "^1.1.2",
        "get-intrinsic": "^1.2.1",
        "set-function-length": "^1.1.1"
      },
      "funding": {
        "url": "https://github.com/sponsors/ljharb"
      }
    },
    "node_modules/camelcase": {
      "version": "5.0.0",
      "license": "MIT",
      "engines": {
        "node": ">=6"
      }
    },
    "node_modules/cfb": {
      "version": "1.2.2",
      "license": "Apache-2.0",
      "dependencies": {
        "adler-32": "~1.3.0",
        "crc-32": "~1.2.0"
      },
      "engines": {
        "node": ">=0.8"
      }
    },
    "node_modules/chalk": {
      "version": "2.4.2",
      "license": "MIT",
      "dependencies": {
        "ansi-styles": "^3.2.1",
        "escape-string-regexp": "^1.0.5",
        "supports-color": "^5.3.0"
      },
      "engines": {
        "node": ">=4"
      }
    },
    "node_modules/codepage": {
      "version": "1.15.0",
      "license": "Apache-2.0",
      "engines": {
        "node": ">=0.8"
      }
    },
    "node_modules/color-convert": {
      "version": "1.9.3",
      "license": "MIT",
      "dependencies": {
        "color-name": "1.1.3"
      }
    },
    "node_modules/color-name": {
      "version": "1.1.3",
      "license": "MIT"
    },
    "node_modules/colorette": {
      "version": "2.0.20",
      "license": "MIT"
    },
    "node_modules/combined-stream": {
      "version": "1.0.8",
      "license": "MIT",
      "dependencies": {
        "delayed-stream": "~1.0.0"
      },
      "engines": {
        "node": ">= 0.8"
      }
    },
    "node_modules/content-disposition": {
      "version": "0.5.4",
      "license": "MIT",
      "dependencies": {
        "safe-buffer": "5.2.1"
      },
      "engines": {
        "node": ">= 0.6"
      }
    },
    "node_modules/content-type": {
      "version": "1.0.5",
      "license": "MIT",
      "engines": {
        "node": ">= 0.6"
      }
    },
    "node_modules/cookie": {
      "version": "0.5.0",
      "license": "MIT",
      "engines": {
        "node": ">= 0.6"
      }
    },
    "node_modules/cookie-signature": {
      "version": "1.0.6",
      "license": "MIT"
    },
    "node_modules/crc-32": {
      "version": "1.2.2",
      "license": "Apache-2.0",
      "bin": {
        "crc32": "bin/crc32.njs"
      },
      "engines": {
        "node": ">=0.8"
      }
    },
    "node_modules/dateformat": {
      "version": "4.6.3",
      "license": "MIT",
      "engines": {
        "node": "*"
      }
    },
    "node_modules/debug": {
      "version": "2.6.9",
      "license": "MIT",
      "dependencies": {
        "ms": "2.0.0"
      }
    },
    "node_modules/define-data-property": {
      "version": "1.1.1",
      "license": "MIT",
      "dependencies": {
        "get-intrinsic": "^1.2.1",
        "gopd": "^1.0.1",
        "has-property-descriptors": "^1.0.0"
      },
      "engines": {
        "node": ">= 0.4"
      }
    },
    "node_modules/delayed-stream": {
      "version": "1.0.0",
      "license": "MIT",
      "engines": {
        "node": ">=0.4.0"
      }
    },
    "node_modules/depd": {
      "version": "2.0.0",
      "license": "MIT",
      "engines": {
        "node": ">= 0.8"
      }
    },
    "node_modules/destroy": {
      "version": "1.2.0",
      "license": "MIT",
      "engines": {
        "node": ">= 0.8",
        "npm": "1.2.8000 || >= 1.4.16"
      }
    },
    "node_modules/doublearray": {
      "version": "0.0.2",
      "license": "MIT"
    },
    "node_modules/duplexify": {
      "version": "4.1.2",
      "license": "MIT",
      "dependencies": {
        "end-of-stream": "^1.4.1",
        "inherits": "^2.0.3",
        "readable-stream": "^3.1.1",
        "stream-shift": "^1.0.0"
      }
    },
    "node_modules/ee-first": {
      "version": "1.1.1",
      "license": "MIT"
    },
    "node_modules/encodeurl": {
      "version": "1.0.2",
      "license": "MIT",
      "engines": {
        "node": ">= 0.8"
      }
    },
    "node_modules/end-of-stream": {
      "version": "1.4.4",
      "license": "MIT",
      "dependencies": {
        "once": "^1.4.0"
      }
    },
    "node_modules/escape-html": {
      "version": "1.0.3",
      "license": "MIT"
    },
    "node_modules/escape-string-regexp": {
      "version": "1.0.5",
      "license": "MIT",
      "engines": {
        "node": ">=0.8.0"
      }
    },
    "node_modules/escodegen": {
      "version": "2.1.0",
      "license": "BSD-2-Clause",
      "dependencies": {
        "esprima": "^4.0.1",
        "estraverse": "^5.2.0",
        "esutils": "^2.0.2"
      },
      "bin": {
        "escodegen": "bin/escodegen.js",
        "esgenerate": "bin/esgenerate.js"
      },
      "engines": {
        "node": ">=6.0"
      },
      "optionalDependencies": {
        "source-map": "~0.6.1"
      }
    },
    "node_modules/esprima": {
      "version": "4.0.1",
      "license": "BSD-2-Clause",
      "bin": {
        "esparse": "bin/esparse.js",
        "esvalidate": "bin/esvalidate.js"
      },
      "engines": {
        "node": ">=4"
      }
    },
    "node_modules/estraverse": {
      "version": "5.3.0",
      "license": "BSD-2-Clause",
      "engines": {
        "node": ">=4.0"
      }
    },
    "node_modules/esutils": {
      "version": "2.0.3",
      "license": "BSD-2-Clause",
      "engines": {
        "node": ">=0.10.0"
      }
    },
    "node_modules/etag": {
      "version": "1.8.1",
      "license": "MIT",
      "engines": {
        "node": ">= 0.6"
      }
    },
    "node_modules/express": {
      "version": "4.18.2",
      "license": "MIT",
      "dependencies": {
        "accepts": "~1.3.8",
        "array-flatten": "1.1.1",
        "body-parser": "1.20.1",
        "content-disposition": "0.5.4",
        "content-type": "~1.0.4",
        "cookie": "0.5.0",
        "cookie-signature": "1.0.6",
        "debug": "2.6.9",
        "depd": "2.0.0",
        "encodeurl": "~1.0.2",
        "escape-html": "~1.0.3",
        "etag": "~1.8.1",
        "finalhandler": "1.2.0",
        "fresh": "0.5.2",
        "http-errors": "2.0.0",
        "merge-descriptors": "1.0.1",
        "methods": "~1.1.2",
        "on-finished": "2.4.1",
        "parseurl": "~1.3.3",
        "path-to-regexp": "0.1.7",
        "proxy-addr": "~2.0.7",
        "qs": "6.11.0",
        "range-parser": "~1.2.1",
        "safe-buffer": "5.2.1",
        "send": "0.18.0",
        "serve-static": "1.15.0",
        "setprototypeof": "1.2.0",
        "statuses": "2.0.1",
        "type-is": "~1.6.18",
        "utils-merge": "1.0.1",
        "vary": "~1.1.2"
      },
      "engines": {
        "node": ">= 0.10.0"
      }
    },
    "node_modules/express/node_modules/body-parser": {
      "version": "1.20.1",
      "license": "MIT",
      "dependencies": {
        "bytes": "3.1.2",
        "content-type": "~1.0.4",
        "debug": "2.6.9",
        "depd": "2.0.0",
        "destroy": "1.2.0",
        "http-errors": "2.0.0",
        "iconv-lite": "0.4.24",
        "on-finished": "2.4.1",
        "qs": "6.11.0",
        "raw-body": "2.5.1",
        "type-is": "~1.6.18",
        "unpipe": "1.0.0"
      },
      "engines": {
        "node": ">= 0.8",
        "npm": "1.2.8000 || >= 1.4.16"
      }
    },
    "node_modules/express/node_modules/raw-body": {
      "version": "2.5.1",
      "license": "MIT",
      "dependencies": {
        "bytes": "3.1.2",
        "http-errors": "2.0.0",
        "iconv-lite": "0.4.24",
        "unpipe": "1.0.0"
      },
      "engines": {
        "node": ">= 0.8"
      }
    },
    "node_modules/fast-redact": {
      "version": "3.3.0",
      "license": "MIT",
      "engines": {
        "node": ">=6"
      }
    },
    "node_modules/fast-safe-stringify": {
      "version": "2.1.1",
      "license": "MIT"
    },
    "node_modules/finalhandler": {
      "version": "1.2.0",
      "license": "MIT",
      "dependencies": {
        "debug": "2.6.9",
        "encodeurl": "~1.0.2",
        "escape-html": "~1.0.3",
        "on-finished": "2.4.1",
        "parseurl": "~1.3.3",
        "statuses": "2.0.1",
        "unpipe": "~1.0.0"
      },
      "engines": {
        "node": ">= 0.8"
      }
    },
    "node_modules/follow-redirects": {
      "version": "1.15.4",
      "funding": [
        {
          "type": "individual",
          "url": "https://github.com/sponsors/RubenVerborgh"
        }
      ],
      "license": "MIT",
      "engines": {
        "node": ">=4.0"
      },
      "peerDependenciesMeta": {
        "debug": {
          "optional": true
        }
      }
    },
    "node_modules/form-data": {
      "version": "4.0.0",
      "license": "MIT",
      "dependencies": {
        "asynckit": "^0.4.0",
        "combined-stream": "^1.0.8",
        "mime-types": "^2.1.12"
      },
      "engines": {
        "node": ">= 6"
      }
    },
    "node_modules/forwarded": {
      "version": "0.2.0",
      "license": "MIT",
      "engines": {
        "node": ">= 0.6"
      }
    },
    "node_modules/frac": {
      "version": "1.1.2",
      "license": "Apache-2.0",
      "engines": {
        "node": ">=0.8"
      }
    },
    "node_modules/fresh": {
      "version": "0.5.2",
      "license": "MIT",
      "engines": {
        "node": ">= 0.6"
      }
    },
    "node_modules/function-bind": {
      "version": "1.1.2",
      "license": "MIT",
      "funding": {
        "url": "https://github.com/sponsors/ljharb"
      }
    },
    "node_modules/get-intrinsic": {
      "version": "1.2.2",
      "license": "MIT",
      "dependencies": {
        "function-bind": "^1.1.2",
        "has-proto": "^1.0.1",
        "has-symbols": "^1.0.3",
        "hasown": "^2.0.0"
      },
      "funding": {
        "url": "https://github.com/sponsors/ljharb"
      }
    },
    "node_modules/gopd": {
      "version": "1.0.1",
      "license": "MIT",
      "dependencies": {
        "get-intrinsic": "^1.1.3"
      },
      "funding": {
        "url": "https://github.com/sponsors/ljharb"
      }
    },
    "node_modules/grapheme-splitter": {
      "version": "1.0.4",
      "license": "MIT"
    },
    "node_modules/has-flag": {
      "version": "3.0.0",
      "license": "MIT",
      "engines": {
        "node": ">=4"
      }
    },
    "node_modules/has-property-descriptors": {
      "version": "1.0.1",
      "license": "MIT",
      "dependencies": {
        "get-intrinsic": "^1.2.2"
      },
      "funding": {
        "url": "https://github.com/sponsors/ljharb"
      }
    },
    "node_modules/has-proto": {
      "version": "1.0.1",
      "license": "MIT",
      "engines": {
        "node": ">= 0.4"
      },
      "funding": {
        "url": "https://github.com/sponsors/ljharb"
      }
    },
    "node_modules/has-symbols": {
      "version": "1.0.3",
      "license": "MIT",
      "engines": {
        "node": ">= 0.4"
      },
      "funding": {
        "url": "https://github.com/sponsors/ljharb"
      }
    },
    "node_modules/hasown": {
      "version": "2.0.0",
      "license": "MIT",
      "dependencies": {
        "function-bind": "^1.1.2"
      },
      "engines": {
        "node": ">= 0.4"
      }
    },
    "node_modules/http-errors": {
      "version": "2.0.0",
      "license": "MIT",
      "dependencies": {
        "depd": "2.0.0",
        "inherits": "2.0.4",
        "setprototypeof": "1.2.0",
        "statuses": "2.0.1",
        "toidentifier": "1.0.1"
      },
      "engines": {
        "node": ">= 0.8"
      }
    },
    "node_modules/http-proxy-agent": {
      "version": "5.0.0",
      "license": "MIT",
      "dependencies": {
        "@tootallnate/once": "2",
        "agent-base": "6",
        "debug": "4"
      },
      "engines": {
        "node": ">= 6"
      }
    },
    "node_modules/http-proxy-agent/node_modules/debug": {
      "version": "4.3.4",
      "license": "MIT",
      "dependencies": {
        "ms": "2.1.2"
      },
      "engines": {
        "node": ">=6.0"
      },
      "peerDependenciesMeta": {
        "supports-color": {
          "optional": true
        }
      }
    },
    "node_modules/http-proxy-agent/node_modules/ms": {
      "version": "2.1.2",
      "license": "MIT"
    },
    "node_modules/https-proxy-agent": {
      "version": "5.0.1",
      "license": "MIT",
      "dependencies": {
        "agent-base": "6",
        "debug": "4"
      },
      "engines": {
        "node": ">= 6"
      }
    },
    "node_modules/https-proxy-agent/node_modules/debug": {
      "version": "4.3.4",
      "license": "MIT",
      "dependencies": {
        "ms": "2.1.2"
      },
      "engines": {
        "node": ">=6.0"
      },
      "peerDependenciesMeta": {
        "supports-color": {
          "optional": true
        }
      }
    },
    "node_modules/https-proxy-agent/node_modules/ms": {
      "version": "2.1.2",
      "license": "MIT"
    },
    "node_modules/iconv-lite": {
      "version": "0.4.24",
      "license": "MIT",
      "dependencies": {
        "safer-buffer": ">= 2.1.2 < 3"
      },
      "engines": {
        "node": ">=0.10.0"
      }
    },
    "node_modules/inherits": {
      "version": "2.0.4",
      "license": "ISC"
    },
    "node_modules/ipaddr.js": {
      "version": "1.9.1",
      "license": "MIT",
      "engines": {
        "node": ">= 0.10"
      }
    },
    "node_modules/joycon": {
      "version": "3.1.1",
      "license": "MIT",
      "engines": {
        "node": ">=10"
      }
    },
    "node_modules/kuromoji": {
      "version": "0.1.2",
      "resolved": "https://registry.npmjs.org/kuromoji/-/kuromoji-0.1.2.tgz",
      "integrity": "sha512-V0dUf+C2LpcPEXhoHLMAop/bOht16Dyr+mDiIE39yX3vqau7p80De/koFqpiTcL1zzdZlc3xuHZ8u5gjYRfFaQ==",
      "dependencies": {
        "async": "^2.0.1",
        "doublearray": "0.0.2",
        "zlibjs": "^0.3.1"
      }
    },
    "node_modules/leven": {
      "version": "2.1.0",
      "license": "MIT",
      "engines": {
        "node": ">=0.10.0"
      }
    },
    "node_modules/lodash": {
      "version": "4.17.21",
      "license": "MIT"
    },
    "node_modules/media-typer": {
      "version": "0.3.0",
      "license": "MIT",
      "engines": {
        "node": ">= 0.6"
      }
    },
    "node_modules/merge-descriptors": {
      "version": "1.0.1",
      "license": "MIT"
    },
    "node_modules/methods": {
      "version": "1.1.2",
      "license": "MIT",
      "engines": {
        "node": ">= 0.6"
      }
    },
    "node_modules/mime": {
      "version": "1.6.0",
      "license": "MIT",
      "bin": {
        "mime": "cli.js"
      },
      "engines": {
        "node": ">=4"
      }
    },
    "node_modules/mime-db": {
      "version": "1.52.0",
      "license": "MIT",
      "engines": {
        "node": ">= 0.6"
      }
    },
    "node_modules/mime-types": {
      "version": "2.1.35",
      "license": "MIT",
      "dependencies": {
        "mime-db": "1.52.0"
      },
      "engines": {
        "node": ">= 0.6"
      }
    },
    "node_modules/mri": {
      "version": "1.1.4",
      "license": "MIT",
      "engines": {
        "node": ">=4"
      }
    },
    "node_modules/ms": {
      "version": "2.0.0",
      "license": "MIT"
    },
    "node_modules/negotiator": {
      "version": "0.6.3",
      "license": "MIT",
      "engines": {
        "node": ">= 0.6"
      }
    },
    "node_modules/node-nlp": {
      "version": "4.27.0",
      "license": "MIT",
      "dependencies": {
        "@nlpjs/builtin-duckling": "^4.26.1",
        "@nlpjs/builtin-microsoft": "^4.26.1",
        "@nlpjs/core-loader": "^4.26.1",
        "@nlpjs/emoji": "^4.26.1",
        "@nlpjs/evaluator": "^4.26.1",
        "@nlpjs/lang-all": "^4.26.1",
        "@nlpjs/language": "^4.25.0",
        "@nlpjs/neural": "^4.25.0",
        "@nlpjs/nlg": "^4.26.1",
        "@nlpjs/nlp": "^4.27.0",
        "@nlpjs/nlu": "^4.27.0",
        "@nlpjs/request": "^4.25.0",
        "@nlpjs/sentiment": "^4.26.1",
        "@nlpjs/similarity": "^4.26.1",
        "@nlpjs/xtables": "^4.25.0"
      }
    },
    "node_modules/object-inspect": {
      "version": "1.13.1",
      "license": "MIT",
      "funding": {
        "url": "https://github.com/sponsors/ljharb"
      }
    },
    "node_modules/on-exit-leak-free": {
      "version": "0.2.0",
      "license": "MIT"
    },
    "node_modules/on-finished": {
      "version": "2.4.1",
      "license": "MIT",
      "dependencies": {
        "ee-first": "1.1.1"
      },
      "engines": {
        "node": ">= 0.8"
      }
    },
    "node_modules/once": {
      "version": "1.4.0",
      "license": "ISC",
      "dependencies": {
        "wrappy": "1"
      }
    },
    "node_modules/parseurl": {
      "version": "1.3.3",
      "license": "MIT",
      "engines": {
        "node": ">= 0.8"
      }
    },
    "node_modules/path-to-regexp": {
      "version": "0.1.7",
      "license": "MIT"
    },
    "node_modules/pino": {
      "version": "7.11.0",
      "license": "MIT",
      "dependencies": {
        "atomic-sleep": "^1.0.0",
        "fast-redact": "^3.0.0",
        "on-exit-leak-free": "^0.2.0",
        "pino-abstract-transport": "v0.5.0",
        "pino-std-serializers": "^4.0.0",
        "process-warning": "^1.0.0",
        "quick-format-unescaped": "^4.0.3",
        "real-require": "^0.1.0",
        "safe-stable-stringify": "^2.1.0",
        "sonic-boom": "^2.2.1",
        "thread-stream": "^0.15.1"
      },
      "bin": {
        "pino": "bin.js"
      }
    },
    "node_modules/pino-abstract-transport": {
      "version": "0.5.0",
      "license": "MIT",
      "dependencies": {
        "duplexify": "^4.1.2",
        "split2": "^4.0.0"
      }
    },
    "node_modules/pino-pretty": {
      "version": "7.6.1",
      "license": "MIT",
      "dependencies": {
        "args": "^5.0.1",
        "colorette": "^2.0.7",
        "dateformat": "^4.6.3",
        "fast-safe-stringify": "^2.0.7",
        "joycon": "^3.1.1",
        "on-exit-leak-free": "^0.2.0",
        "pino-abstract-transport": "^0.5.0",
        "pump": "^3.0.0",
        "readable-stream": "^3.6.0",
        "rfdc": "^1.3.0",
        "secure-json-parse": "^2.4.0",
        "sonic-boom": "^2.2.0",
        "strip-json-comments": "^3.1.1"
      },
      "bin": {
        "pino-pretty": "bin.js"
      }
    },
    "node_modules/pino-std-serializers": {
      "version": "4.0.0",
      "license": "MIT"
    },
    "node_modules/process-warning": {
      "version": "1.0.0",
      "license": "MIT"
    },
    "node_modules/proxy-addr": {
      "version": "2.0.7",
      "license": "MIT",
      "dependencies": {
        "forwarded": "0.2.0",
        "ipaddr.js": "1.9.1"
      },
      "engines": {
        "node": ">= 0.10"
      }
    },
    "node_modules/proxy-from-env": {
      "version": "1.1.0",
      "license": "MIT"
    },
    "node_modules/pump": {
      "version": "3.0.0",
      "license": "MIT",
      "dependencies": {
        "end-of-stream": "^1.1.0",
        "once": "^1.3.1"
      }
    },
    "node_modules/qs": {
      "version": "6.11.0",
      "license": "BSD-3-Clause",
      "dependencies": {
        "side-channel": "^1.0.4"
      },
      "engines": {
        "node": ">=0.6"
      },
      "funding": {
        "url": "https://github.com/sponsors/ljharb"
      }
    },
    "node_modules/quick-format-unescaped": {
      "version": "4.0.4",
      "license": "MIT"
    },
    "node_modules/range-parser": {
      "version": "1.2.1",
      "license": "MIT",
      "engines": {
        "node": ">= 0.6"
      }
    },
    "node_modules/raw-body": {
      "version": "2.5.2",
      "license": "MIT",
      "dependencies": {
        "bytes": "3.1.2",
        "http-errors": "2.0.0",
        "iconv-lite": "0.4.24",
        "unpipe": "1.0.0"
      },
      "engines": {
        "node": ">= 0.8"
      }
    },
    "node_modules/readable-stream": {
      "version": "3.6.2",
      "license": "MIT",
      "dependencies": {
        "inherits": "^2.0.3",
        "string_decoder": "^1.1.1",
        "util-deprecate": "^1.0.1"
      },
      "engines": {
        "node": ">= 6"
      }
    },
    "node_modules/real-require": {
      "version": "0.1.0",
      "license": "MIT",
      "engines": {
        "node": ">= 12.13.0"
      }
    },
    "node_modules/rfdc": {
      "version": "1.3.0",
      "license": "MIT"
    },
    "node_modules/safe-buffer": {
      "version": "5.2.1",
      "funding": [
        {
          "type": "github",
          "url": "https://github.com/sponsors/feross"
        },
        {
          "type": "patreon",
          "url": "https://www.patreon.com/feross"
        },
        {
          "type": "consulting",
          "url": "https://feross.org/support"
        }
      ],
      "license": "MIT"
    },
    "node_modules/safe-stable-stringify": {
      "version": "2.4.3",
      "license": "MIT",
      "engines": {
        "node": ">=10"
      }
    },
    "node_modules/safer-buffer": {
      "version": "2.1.2",
      "license": "MIT"
    },
    "node_modules/secure-json-parse": {
      "version": "2.7.0",
      "license": "BSD-3-Clause"
    },
    "node_modules/send": {
      "version": "0.18.0",
      "license": "MIT",
      "dependencies": {
        "debug": "2.6.9",
        "depd": "2.0.0",
        "destroy": "1.2.0",
        "encodeurl": "~1.0.2",
        "escape-html": "~1.0.3",
        "etag": "~1.8.1",
        "fresh": "0.5.2",
        "http-errors": "2.0.0",
        "mime": "1.6.0",
        "ms": "2.1.3",
        "on-finished": "2.4.1",
        "range-parser": "~1.2.1",
        "statuses": "2.0.1"
      },
      "engines": {
        "node": ">= 0.8.0"
      }
    },
    "node_modules/send/node_modules/ms": {
      "version": "2.1.3",
      "license": "MIT"
    },
    "node_modules/serve-static": {
      "version": "1.15.0",
      "license": "MIT",
      "dependencies": {
        "encodeurl": "~1.0.2",
        "escape-html": "~1.0.3",
        "parseurl": "~1.3.3",
        "send": "0.18.0"
      },
      "engines": {
        "node": ">= 0.8.0"
      }
    },
    "node_modules/set-function-length": {
      "version": "1.1.1",
      "license": "MIT",
      "dependencies": {
        "define-data-property": "^1.1.1",
        "get-intrinsic": "^1.2.1",
        "gopd": "^1.0.1",
        "has-property-descriptors": "^1.0.0"
      },
      "engines": {
        "node": ">= 0.4"
      }
    },
    "node_modules/setprototypeof": {
      "version": "1.2.0",
      "license": "ISC"
    },
    "node_modules/side-channel": {
      "version": "1.0.4",
      "license": "MIT",
      "dependencies": {
        "call-bind": "^1.0.0",
        "get-intrinsic": "^1.0.2",
        "object-inspect": "^1.9.0"
      },
      "funding": {
        "url": "https://github.com/sponsors/ljharb"
      }
    },
    "node_modules/sonic-boom": {
      "version": "2.8.0",
      "license": "MIT",
      "dependencies": {
        "atomic-sleep": "^1.0.0"
      }
    },
    "node_modules/source-map": {
      "version": "0.6.1",
      "license": "BSD-3-Clause",
      "optional": true,
      "engines": {
        "node": ">=0.10.0"
      }
    },
    "node_modules/split2": {
      "version": "4.2.0",
      "license": "ISC",
      "engines": {
        "node": ">= 10.x"
      }
    },
    "node_modules/ssf": {
      "version": "0.11.2",
      "license": "Apache-2.0",
      "dependencies": {
        "frac": "~1.1.2"
      },
      "engines": {
        "node": ">=0.8"
      }
    },
    "node_modules/statuses": {
      "version": "2.0.1",
      "license": "MIT",
      "engines": {
        "node": ">= 0.8"
      }
    },
    "node_modules/stream-shift": {
      "version": "1.0.1",
      "license": "MIT"
    },
    "node_modules/string_decoder": {
      "version": "1.3.0",
      "license": "MIT",
      "dependencies": {
        "safe-buffer": "~5.2.0"
      }
    },
    "node_modules/strip-json-comments": {
      "version": "3.1.1",
      "license": "MIT",
      "engines": {
        "node": ">=8"
      },
      "funding": {
        "url": "https://github.com/sponsors/sindresorhus"
      }
    },
    "node_modules/supports-color": {
      "version": "5.5.0",
      "license": "MIT",
      "dependencies": {
        "has-flag": "^3.0.0"
      },
      "engines": {
        "node": ">=4"
      }
    },
    "node_modules/thread-stream": {
      "version": "0.15.2",
      "license": "MIT",
      "dependencies": {
        "real-require": "^0.1.0"
      }
    },
    "node_modules/toidentifier": {
      "version": "1.0.1",
      "license": "MIT",
      "engines": {
        "node": ">=0.6"
      }
    },
    "node_modules/type-is": {
      "version": "1.6.18",
      "license": "MIT",
      "dependencies": {
        "media-typer": "0.3.0",
        "mime-types": "~2.1.24"
      },
      "engines": {
        "node": ">= 0.6"
      }
    },
    "node_modules/unpipe": {
      "version": "1.0.0",
      "license": "MIT",
      "engines": {
        "node": ">= 0.8"
      }
    },
    "node_modules/util-deprecate": {
      "version": "1.0.2",
      "license": "MIT"
    },
    "node_modules/utils-merge": {
      "version": "1.0.1",
      "license": "MIT",
      "engines": {
        "node": ">= 0.4.0"
      }
    },
    "node_modules/vary": {
      "version": "1.1.2",
      "license": "MIT",
      "engines": {
        "node": ">= 0.8"
      }
    },
    "node_modules/wmf": {
      "version": "1.0.2",
      "license": "Apache-2.0",
      "engines": {
        "node": ">=0.8"
      }
    },
    "node_modules/word": {
      "version": "0.3.0",
      "license": "Apache-2.0",
      "engines": {
        "node": ">=0.8"
      }
    },
    "node_modules/wrappy": {
      "version": "1.0.2",
      "license": "ISC"
    },
    "node_modules/xlsx": {
      "version": "0.18.5",
      "license": "Apache-2.0",
      "dependencies": {
        "adler-32": "~1.3.0",
        "cfb": "~1.2.1",
        "codepage": "~1.15.0",
        "crc-32": "~1.2.1",
        "ssf": "~0.11.2",
        "wmf": "~1.0.1",
        "word": "~0.3.0"
      },
      "bin": {
        "xlsx": "bin/xlsx.njs"
      },
      "engines": {
        "node": ">=0.8"
      }
    },
    "node_modules/zlibjs": {
      "version": "0.3.1",
      "license": "MIT",
      "engines": {
        "node": "*"
      }
    }
  }
}
